
Microsoft Visual Studio Solution File, Format Version 12.00
# Visual Studio Version 17
VisualStudioVersion = 17.4.33103.184
MinimumVisualStudioVersion = 10.0.40219.1
Project("{FAE04EC0-301F-11D3-BF4B-00C04F79EFBC}") = "GlobalHandlerException", "GlobalHandlerException\GlobalHandlerException.csproj", "{9ECA109D-EEB1-4EBB-8473-2F7AB8424C13}"
EndProject
Global
	GlobalSection(SolutionConfigurationPlatforms) = preSolution
		Debug|Any CPU = Debug|Any CPU
		Release|Any CPU = Release|Any CPU
	EndGlobalSection
	GlobalSection(ProjectConfigurationPlatforms) = postSolution
		{9ECA109D-EEB1-4EBB-8473-2F7AB8424C13}.Debug|Any CPU.ActiveCfg = Debug|Any CPU
		{9ECA109D-EEB1-4EBB-8473-2F7AB8424C13}.Debug|Any CPU.Build.0 = Debug|Any CPU
		{9ECA109D-EEB1-4EBB-8473-2F7AB8424C13}.Release|Any CPU.ActiveCfg = Release|Any CPU
		{9ECA109D-EEB1-4EBB-8473-2F7AB8424C13}.Release|Any CPU.Build.0 = Release|Any CPU
	EndGlobalSection
	GlobalSection(SolutionProperties) = preSolution
		HideSolutionNode = FALSE
	EndGlobalSection
	GlobalSection(ExtensibilityGlobals) = postSolution
		SolutionGuid = {BBBE3DDD-E4BB-479F-8074-413A904005FE}
	EndGlobalSection
EndGlobal
